
Microsoft Visual Studio Solution File, Format Version 12.00
# Visual Studio Version 17
VisualStudioVersion = 17.14.36310.24
MinimumVisualStudioVersion = 10.0.40219.1
Project("{FAE04EC0-301F-11D3-BF4B-00C04F79EFBC}") = "TermApp", "NewsApp\TermApp.csproj", "{1E8A666A-F960-4374-A0DB-4225320F39C3}"
EndProject
Project("{FAE04EC0-301F-11D3-BF4B-00C04F79EFBC}") = "TermApp.DbTest", "NewsApp.DbTest\TermApp.DbTest.csproj", "{120CF214-AAF2-4A02-B395-214BCDBB8275}"
EndProject
Global
	GlobalSection(SolutionConfigurationPlatforms) = preSolution
		Debug|Any CPU = Debug|Any CPU
		Release|Any CPU = Release|Any CPU
	EndGlobalSection
	GlobalSection(ProjectConfigurationPlatforms) = postSolution
		{1E8A666A-F960-4374-A0DB-4225320F39C3}.Debug|Any CPU.ActiveCfg = Debug|Any CPU
		{1E8A666A-F960-4374-A0DB-4225320F39C3}.Debug|Any CPU.Build.0 = Debug|Any CPU
		{1E8A666A-F960-4374-A0DB-4225320F39C3}.Release|Any CPU.ActiveCfg = Release|Any CPU
		{1E8A666A-F960-4374-A0DB-4225320F39C3}.Release|Any CPU.Build.0 = Release|Any CPU
		{120CF214-AAF2-4A02-B395-214BCDBB8275}.Debug|Any CPU.ActiveCfg = Debug|Any CPU
		{120CF214-AAF2-4A02-B395-214BCDBB8275}.Debug|Any CPU.Build.0 = Debug|Any CPU
		{120CF214-AAF2-4A02-B395-214BCDBB8275}.Release|Any CPU.ActiveCfg = Release|Any CPU
		{120CF214-AAF2-4A02-B395-214BCDBB8275}.Release|Any CPU.Build.0 = Release|Any CPU
	EndGlobalSection
	GlobalSection(SolutionProperties) = preSolution
		HideSolutionNode = FALSE
	EndGlobalSection
	GlobalSection(ExtensibilityGlobals) = postSolution
		SolutionGuid = {92B48591-6A82-4E5B-A8CB-27DBAD1800FA}
	EndGlobalSection
EndGlobal
